{
  "pins" : [
    {
      "identity" : "sitepoint-ios-sdk",
      "kind" : "remoteSourceControl",
      "location" : "https://github.com/signalquest/SitePoint-iOS-SDK",
      "state" : {
        "revision" : "5ccd5f9a95f29ca9804eade7c2d1eae549c9c81b",
        "version" : "1.1.0"
      }
    }
  ],
  "version" : 2
}
